
Microsoft Visual Studio Solution File, Format Version 12.00
# Visual Studio Version 16
VisualStudioVersion = 16.0.30907.101
MinimumVisualStudioVersion = 10.0.40219.1
Project("{9A19103F-16F7-4668-BE54-9A1E7A4F7556}") = "Niobe.Core", "Niobe.Core\Niobe.Core.csproj", "{5336C819-B703-4A32-A092-0069FFA2551F}"
EndProject
Project("{9A19103F-16F7-4668-BE54-9A1E7A4F7556}") = "Niobe.Data", "Niobe.Data\Niobe.Data.csproj", "{E1E36DBE-A6F9-42A4-8918-45CD93C1BADA}"
EndProject
Project("{9A19103F-16F7-4668-BE54-9A1E7A4F7556}") = "Niobe.API", "Niobe.API\Niobe.API.csproj", "{05B099A8-F8BB-485A-BAFE-82740A7ED8B0}"
EndProject
Project("{9A19103F-16F7-4668-BE54-9A1E7A4F7556}") = "Niobe.FastTest", "Niobe.FastTest\Niobe.FastTest.csproj", "{98E0DCC9-669D-4999-92A9-7EC4A9AAC246}"
EndProject
Project("{9A19103F-16F7-4668-BE54-9A1E7A4F7556}") = "Niobe.Timer", "Niobe.Timer\Niobe.Timer.csproj", "{00F9F1AD-187D-4D23-ADF8-5924CA2332B0}"
EndProject
Project("{9A19103F-16F7-4668-BE54-9A1E7A4F7556}") = "Niobe.Service", "Niobe.Service\Niobe.Service.csproj", "{B8EF3B1C-32E6-41ED-9C1F-392F1AAD5E3A}"
EndProject
Project("{FAE04EC0-301F-11D3-BF4B-00C04F79EFBC}") = "Niobe.Usuario", "Niobe.Usuario\Niobe.Usuario.csproj", "{8BF1269C-CE66-4EF6-BF2F-B14B0A4BEB4F}"
EndProject
Global
	GlobalSection(SolutionConfigurationPlatforms) = preSolution
		Debug|Any CPU = Debug|Any CPU
		Release|Any CPU = Release|Any CPU
	EndGlobalSection
	GlobalSection(ProjectConfigurationPlatforms) = postSolution
		{5336C819-B703-4A32-A092-0069FFA2551F}.Debug|Any CPU.ActiveCfg = Debug|Any CPU
		{5336C819-B703-4A32-A092-0069FFA2551F}.Debug|Any CPU.Build.0 = Debug|Any CPU
		{5336C819-B703-4A32-A092-0069FFA2551F}.Release|Any CPU.ActiveCfg = Release|Any CPU
		{5336C819-B703-4A32-A092-0069FFA2551F}.Release|Any CPU.Build.0 = Release|Any CPU
		{E1E36DBE-A6F9-42A4-8918-45CD93C1BADA}.Debug|Any CPU.ActiveCfg = Debug|Any CPU
		{E1E36DBE-A6F9-42A4-8918-45CD93C1BADA}.Debug|Any CPU.Build.0 = Debug|Any CPU
		{E1E36DBE-A6F9-42A4-8918-45CD93C1BADA}.Release|Any CPU.ActiveCfg = Release|Any CPU
		{E1E36DBE-A6F9-42A4-8918-45CD93C1BADA}.Release|Any CPU.Build.0 = Release|Any CPU
		{05B099A8-F8BB-485A-BAFE-82740A7ED8B0}.Debug|Any CPU.ActiveCfg = Debug|Any CPU
		{05B099A8-F8BB-485A-BAFE-82740A7ED8B0}.Debug|Any CPU.Build.0 = Debug|Any CPU
		{05B099A8-F8BB-485A-BAFE-82740A7ED8B0}.Release|Any CPU.ActiveCfg = Release|Any CPU
		{05B099A8-F8BB-485A-BAFE-82740A7ED8B0}.Release|Any CPU.Build.0 = Release|Any CPU
		{98E0DCC9-669D-4999-92A9-7EC4A9AAC246}.Debug|Any CPU.ActiveCfg = Debug|Any CPU
		{98E0DCC9-669D-4999-92A9-7EC4A9AAC246}.Debug|Any CPU.Build.0 = Debug|Any CPU
		{98E0DCC9-669D-4999-92A9-7EC4A9AAC246}.Release|Any CPU.ActiveCfg = Release|Any CPU
		{98E0DCC9-669D-4999-92A9-7EC4A9AAC246}.Release|Any CPU.Build.0 = Release|Any CPU
		{00F9F1AD-187D-4D23-ADF8-5924CA2332B0}.Debug|Any CPU.ActiveCfg = Debug|Any CPU
		{00F9F1AD-187D-4D23-ADF8-5924CA2332B0}.Debug|Any CPU.Build.0 = Debug|Any CPU
		{00F9F1AD-187D-4D23-ADF8-5924CA2332B0}.Release|Any CPU.ActiveCfg = Release|Any CPU
		{00F9F1AD-187D-4D23-ADF8-5924CA2332B0}.Release|Any CPU.Build.0 = Release|Any CPU
		{B8EF3B1C-32E6-41ED-9C1F-392F1AAD5E3A}.Debug|Any CPU.ActiveCfg = Debug|Any CPU
		{B8EF3B1C-32E6-41ED-9C1F-392F1AAD5E3A}.Debug|Any CPU.Build.0 = Debug|Any CPU
		{B8EF3B1C-32E6-41ED-9C1F-392F1AAD5E3A}.Release|Any CPU.ActiveCfg = Release|Any CPU
		{B8EF3B1C-32E6-41ED-9C1F-392F1AAD5E3A}.Release|Any CPU.Build.0 = Release|Any CPU
		{8BF1269C-CE66-4EF6-BF2F-B14B0A4BEB4F}.Debug|Any CPU.ActiveCfg = Debug|Any CPU
		{8BF1269C-CE66-4EF6-BF2F-B14B0A4BEB4F}.Debug|Any CPU.Build.0 = Debug|Any CPU
		{8BF1269C-CE66-4EF6-BF2F-B14B0A4BEB4F}.Release|Any CPU.ActiveCfg = Release|Any CPU
		{8BF1269C-CE66-4EF6-BF2F-B14B0A4BEB4F}.Release|Any CPU.Build.0 = Release|Any CPU
	EndGlobalSection
	GlobalSection(SolutionProperties) = preSolution
		HideSolutionNode = FALSE
	EndGlobalSection
	GlobalSection(ExtensibilityGlobals) = postSolution
		SolutionGuid = {D1F97667-AC21-4EC2-B6DA-BF02B3F2D481}
	EndGlobalSection
EndGlobal
